
Microsoft Visual Studio Solution File, Format Version 12.00
# Visual Studio Version 17
VisualStudioVersion = 17.8.34511.84
MinimumVisualStudioVersion = 10.0.40219.1
Project("{888888A0-9F3D-457C-B088-3A5042F75D52}") = "Anti-AFK FiveM V3", "Anti-AFK FiveM V3.pyproj", "{0FC32B8D-83AC-4DF2-97D5-113491EFC4CD}"
EndProject
Global
	GlobalSection(SolutionConfigurationPlatforms) = preSolution
		Debug|Any CPU = Debug|Any CPU
		Release|Any CPU = Release|Any CPU
	EndGlobalSection
	GlobalSection(ProjectConfigurationPlatforms) = postSolution
		{0FC32B8D-83AC-4DF2-97D5-113491EFC4CD}.Debug|Any CPU.ActiveCfg = Debug|Any CPU
		{0FC32B8D-83AC-4DF2-97D5-113491EFC4CD}.Release|Any CPU.ActiveCfg = Release|Any CPU
	EndGlobalSection
	GlobalSection(SolutionProperties) = preSolution
		HideSolutionNode = FALSE
	EndGlobalSection
	GlobalSection(ExtensibilityGlobals) = postSolution
		SolutionGuid = {D5A62B22-0A72-4B8C-BB56-9258EDEBF97A}
	EndGlobalSection
EndGlobal
